
Microsoft Visual Studio Solution File, Format Version 12.00
# Visual Studio Version 17
VisualStudioVersion = 17.13.35919.96 d17.13
MinimumVisualStudioVersion = 10.0.40219.1
Project("{FAE04EC0-301F-11D3-BF4B-00C04F79EFBC}") = "Sistema_Gestor_Eventos_Tlahuac", "Sistema_Gestor_Eventos_Tlahuac.csproj", "{AEED863E-5248-4F58-B9DB-6CD4CFF3C8B3}"
EndProject
Global
	GlobalSection(SolutionConfigurationPlatforms) = preSolution
		Debug|Any CPU = Debug|Any CPU
		Release|Any CPU = Release|Any CPU
	EndGlobalSection
	GlobalSection(ProjectConfigurationPlatforms) = postSolution
		{AEED863E-5248-4F58-B9DB-6CD4CFF3C8B3}.Debug|Any CPU.ActiveCfg = Debug|Any CPU
		{AEED863E-5248-4F58-B9DB-6CD4CFF3C8B3}.Debug|Any CPU.Build.0 = Debug|Any CPU
		{AEED863E-5248-4F58-B9DB-6CD4CFF3C8B3}.Release|Any CPU.ActiveCfg = Release|Any CPU
		{AEED863E-5248-4F58-B9DB-6CD4CFF3C8B3}.Release|Any CPU.Build.0 = Release|Any CPU
	EndGlobalSection
	GlobalSection(SolutionProperties) = preSolution
		HideSolutionNode = FALSE
	EndGlobalSection
	GlobalSection(ExtensibilityGlobals) = postSolution
		SolutionGuid = {4FCB87D4-2A88-4815-9DAE-E3D582CCEB9D}
	EndGlobalSection
EndGlobal
